
Microsoft Visual Studio Solution File, Format Version 12.00
# Visual Studio Version 17
VisualStudioVersion = 17.6.33815.320
MinimumVisualStudioVersion = 10.0.40219.1
Project("{FAE04EC0-301F-11D3-BF4B-00C04F79EFBC}") = "vonRogall Zahlenspiel", "vonRogall Zahlenspiel.csproj", "{05AC7FAB-A24A-4BA0-90BA-B9B87577C966}"
EndProject
Global
	GlobalSection(SolutionConfigurationPlatforms) = preSolution
		Debug|Any CPU = Debug|Any CPU
		Release|Any CPU = Release|Any CPU
	EndGlobalSection
	GlobalSection(ProjectConfigurationPlatforms) = postSolution
		{05AC7FAB-A24A-4BA0-90BA-B9B87577C966}.Debug|Any CPU.ActiveCfg = Debug|Any CPU
		{05AC7FAB-A24A-4BA0-90BA-B9B87577C966}.Debug|Any CPU.Build.0 = Debug|Any CPU
		{05AC7FAB-A24A-4BA0-90BA-B9B87577C966}.Release|Any CPU.ActiveCfg = Release|Any CPU
		{05AC7FAB-A24A-4BA0-90BA-B9B87577C966}.Release|Any CPU.Build.0 = Release|Any CPU
	EndGlobalSection
	GlobalSection(SolutionProperties) = preSolution
		HideSolutionNode = FALSE
	EndGlobalSection
	GlobalSection(ExtensibilityGlobals) = postSolution
		SolutionGuid = {149E4D20-E379-4BAF-A059-8D775FC2C012}
	EndGlobalSection
EndGlobal
